{
  "requires": true,
  "lockfileVersion": 1,
  "dependencies": {
    "@fontsource/playfair-display": {
      "version": "4.5.11",
      "resolved": "https://registry.npmjs.org/@fontsource/playfair-display/-/playfair-display-4.5.11.tgz",
      "integrity": "sha512-U9mhWeTBKmxebeaNxZT/38Wux1AA3eXOqsngdzuk2uH/uyykpS6YX11RvNCk4Pg/1IL6LAqgZh7JWS7TVFAdnA=="
    }
  }
}
